// !$*UTF8*$!
{
	archiveVersion = 1;
	classes = {
	};
	objectVersion = 46;
	objects = {

/* Begin PBXBuildFile section */
		A85853BE14711C9B00517F79 /* UIKit.framework in Frameworks */ = {isa = PBXBuildFile; fileRef = A85853BD14711C9B00517F79 /* UIKit.framework */; };
		A85853C014711C9B00517F79 /* Foundation.framework in Frameworks */ = {isa = PBXBuildFile; fileRef = A85853BF14711C9B00517F79 /* Foundation.framework */; };
		A85853C214711C9B00517F79 /* CoreGraphics.framework in Frameworks */ = {isa = PBXBuildFile; fileRef = A85853C114711C9B00517F79 /* CoreGraphics.framework */; };
		A85853C814711C9B00517F79 /* InfoPlist.strings in Resources */ = {isa = PBXBuildFile; fileRef = A85853C614711C9B00517F79 /* InfoPlist.strings */; };
		A85853CA14711C9B00517F79 /* main.m in Sources */ = {isa = PBXBuildFile; fileRef = A85853C914711C9B00517F79 /* main.m */; };
		A85853CE14711C9B00517F79 /* gpAppDelegate.m in Sources */ = {isa = PBXBuildFile; fileRef = A85853CD14711C9B00517F79 /* gpAppDelegate.m */; };
		A85853D114711C9B00517F79 /* MainStoryboard.storyboard in Resources */ = {isa = PBXBuildFile; fileRef = A85853CF14711C9B00517F79 /* MainStoryboard.storyboard */; };
		A85853D414711C9B00517F79 /* gpFirstViewController.m in Sources */ = {isa = PBXBuildFile; fileRef = A85853D314711C9B00517F79 /* gpFirstViewController.m */; };
		A85853D614711C9B00517F79 /* first.png in Resources */ = {isa = PBXBuildFile; fileRef = A85853D514711C9B00517F79 /* first.png */; };
		A85853D814711C9B00517F79 /* first@2x.png in Resources */ = {isa = PBXBuildFile; fileRef = A85853D714711C9B00517F79 /* first@2x.png */; };
		A85853DB14711C9B00517F79 /* gpSecondViewController.m in Sources */ = {isa = PBXBuildFile; fileRef = A85853DA14711C9B00517F79 /* gpSecondViewController.m */; };
		A85853DD14711C9B00517F79 /* second.png in Resources */ = {isa = PBXBuildFile; fileRef = A85853DC14711C9B00517F79 /* second.png */; };
		A85853DF14711C9B00517F79 /* second@2x.png in Resources */ = {isa = PBXBuildFile; fileRef = A85853DE14711C9B00517F79 /* second@2x.png */; };
		A85853E714711C9B00517F79 /* SenTestingKit.framework in Frameworks */ = {isa = PBXBuildFile; fileRef = A85853E614711C9B00517F79 /* SenTestingKit.framework */; };
		A85853E814711C9B00517F79 /* UIKit.framework in Frameworks */ = {isa = PBXBuildFile; fileRef = A85853BD14711C9B00517F79 /* UIKit.framework */; };
		A85853E914711C9B00517F79 /* Foundation.framework in Frameworks */ = {isa = PBXBuildFile; fileRef = A85853BF14711C9B00517F79 /* Foundation.framework */; };
		A85853F114711C9B00517F79 /* InfoPlist.strings in Resources */ = {isa = PBXBuildFile; fileRef = A85853EF14711C9B00517F79 /* InfoPlist.strings */; };
		A85853F414711C9B00517F79 /* HelloWorldTests.m in Sources */ = {isa = PBXBuildFile; fileRef = A85853F314711C9B00517F79 /* HelloWorldTests.m */; };
/* End PBXBuildFile section */

/* Begin PBXContainerItemProxy section */
		A85853EA14711C9B00517F79 /* PBXContainerItemProxy */ = {
			isa = PBXContainerItemProxy;
			containerPortal = A85853B014711C9B00517F79 /* Project object */;
			proxyType = 1;
			remoteGlobalIDString = A85853B814711C9B00517F79;
			remoteInfo = HelloWorld;
		};
/* End PBXContainerItemProxy section */

/* Begin PBXFileReference section */
		A85853B914711C9B00517F79 /* HelloWorld.app */ = {isa = PBXFileReference; explicitFileType = wrapper.application; includeInIndex = 0; path = HelloWorld.app; sourceTree = BUILT_PRODUCTS_DIR; };
		A85853BD14711C9B00517F79 /* UIKit.framework */ = {isa = PBXFileReference; lastKnownFileType = wrapper.framework; name = UIKit.framework; path = System/Library/Frameworks/UIKit.framework; sourceTree = SDKROOT; };
		A85853BF14711C9B00517F79 /* Foundation.framework */ = {isa = PBXFileReference; lastKnownFileType = wrapper.framework; name = Foundation.framework; path = System/Library/Frameworks/Foundation.framework; sourceTree = SDKROOT; };
		A85853C114711C9B00517F79 /* CoreGraphics.framework */ = {isa = PBXFileReference; lastKnownFileType = wrapper.framework; name = CoreGraphics.framework; path = System/Library/Frameworks/CoreGraphics.framework; sourceTree = SDKROOT; };
		A85853C514711C9B00517F79 /* HelloWorld-Info.plist */ = {isa = PBXFileReference; lastKnownFileType = text.plist.xml; path = "HelloWorld-Info.plist"; sourceTree = "<group>"; };
		A85853C714711C9B00517F79 /* en */ = {isa = PBXFileReference; lastKnownFileType = text.plist.strings; name = en; path = en.lproj/InfoPlist.strings; sourceTree = "<group>"; };
		A85853C914711C9B00517F79 /* main.m */ = {isa = PBXFileReference; lastKnownFileType = sourcecode.c.objc; path = main.m; sourceTree = "<group>"; };
		A85853CB14711C9B00517F79 /* HelloWorld-Prefix.pch */ = {isa = PBXFileReference; lastKnownFileType = sourcecode.c.h; path = "HelloWorld-Prefix.pch"; sourceTree = "<group>"; };
		A85853CC14711C9B00517F79 /* gpAppDelegate.h */ = {isa = PBXFileReference; lastKnownFileType = sourcecode.c.h; path = gpAppDelegate.h; sourceTree = "<group>"; };
		A85853CD14711C9B00517F79 /* gpAppDelegate.m */ = {isa = PBXFileReference; lastKnownFileType = sourcecode.c.objc; path = gpAppDelegate.m; sourceTree = "<group>"; };
		A85853D014711C9B00517F79 /* en */ = {isa = PBXFileReference; lastKnownFileType = file.storyboard; name = en; path = en.lproj/MainStoryboard.storyboard; sourceTree = "<group>"; };
		A85853D214711C9B00517F79 /* gpFirstViewController.h */ = {isa = PBXFileReference; lastKnownFileType = sourcecode.c.h; path = gpFirstViewController.h; sourceTree = "<group>"; };
		A85853D314711C9B00517F79 /* gpFirstViewController.m */ = {isa = PBXFileReference; lastKnownFileType = sourcecode.c.objc; path = gpFirstViewController.m; sourceTree = "<group>"; };
		A85853D514711C9B00517F79 /* first.png */ = {isa = PBXFileReference; lastKnownFileType = image.png; path = first.png; sourceTree = "<group>"; };
		A85853D714711C9B00517F79 /* first@2x.png */ = {isa = PBXFileReference; lastKnownFileType = image.png; path = "first@2x.png"; sourceTree = "<group>"; };
		A85853D914711C9B00517F79 /* gpSecondViewController.h */ = {isa = PBXFileReference; lastKnownFileType = sourcecode.c.h; path = gpSecondViewController.h; sourceTree = "<group>"; };
		A85853DA14711C9B00517F79 /* gpSecondViewController.m */ = {isa = PBXFileReference; lastKnownFileType = sourcecode.c.objc; path = gpSecondViewController.m; sourceTree = "<group>"; };
		A85853DC14711C9B00517F79 /* second.png */ = {isa = PBXFileReference; lastKnownFileType = image.png; path = second.png; sourceTree = "<group>"; };
		A85853DE14711C9B00517F79 /* second@2x.png */ = {isa = PBXFileReference; lastKnownFileType = image.png; path = "second@2x.png"; sourceTree = "<group>"; };
		A85853E514711C9B00517F79 /* HelloWorldTests.octest */ = {isa = PBXFileReference; explicitFileType = wrapper.cfbundle; includeInIndex = 0; path = HelloWorldTests.octest; sourceTree = BUILT_PRODUCTS_DIR; };
		A85853E614711C9B00517F79 /* SenTestingKit.framework */ = {isa = PBXFileReference; lastKnownFileType = wrapper.framework; name = SenTestingKit.framework; path = Library/Frameworks/SenTestingKit.framework; sourceTree = DEVELOPER_DIR; };
		A85853EE14711C9B00517F79 /* HelloWorldTests-Info.plist */ = {isa = PBXFileReference; lastKnownFileType = text.plist.xml; path = "HelloWorldTests-Info.plist"; sourceTree = "<group>"; };
		A85853F014711C9B00517F79 /* en */ = {isa = PBXFileReference; lastKnownFileType = text.plist.strings; name = en; path = en.lproj/InfoPlist.strings; sourceTree = "<group>"; };
		A85853F214711C9B00517F79 /* HelloWorldTests.h */ = {isa = PBXFileReference; lastKnownFileType = sourcecode.c.h; path = HelloWorldTests.h; sourceTree = "<group>"; };
		A85853F314711C9B00517F79 /* HelloWorldTests.m */ = {isa = PBXFileReference; lastKnownFileType = sourcecode.c.objc; path = HelloWorldTests.m; sourceTree = "<group>"; };
/* End PBXFileReference section */

/* Begin PBXFrameworksBuildPhase section */
		A85853B614711C9B00517F79 /* Frameworks */ = {
			isa = PBXFrameworksBuildPhase;
			buildActionMask = 2147483647;
			files = (
				A85853BE14711C9B00517F79 /* UIKit.framework in Frameworks */,
				A85853C014711C9B00517F79 /* Foundation.framework in Frameworks */,
				A85853C214711C9B00517F79 /* CoreGraphics.framework in Frameworks */,
			);
			runOnlyForDeploymentPostprocessing = 0;
		};
		A85853E114711C9B00517F79 /* Frameworks */ = {
			isa = PBXFrameworksBuildPhase;
			buildActionMask = 2147483647;
			files = (
				A85853E714711C9B00517F79 /* SenTestingKit.framework in Frameworks */,
				A85853E814711C9B00517F79 /* UIKit.framework in Frameworks */,
				A85853E914711C9B00517F79 /* Foundation.framework in Frameworks */,
			);
			runOnlyForDeploymentPostprocessing = 0;
		};
/* End PBXFrameworksBuildPhase section */

/* Begin PBXGroup section */
		A85853AE14711C9B00517F79 = {
			isa = PBXGroup;
			children = (
				A85853C314711C9B00517F79 /* HelloWorld */,
				A85853EC14711C9B00517F79 /* HelloWorldTests */,
				A85853BC14711C9B00517F79 /* Frameworks */,
				A85853BA14711C9B00517F79 /* Products */,
			);
			sourceTree = "<group>";
		};
		A85853BA14711C9B00517F79 /* Products */ = {
			isa = PBXGroup;
			children = (
				A85853B914711C9B00517F79 /* HelloWorld.app */,
				A85853E514711C9B00517F79 /* HelloWorldTests.octest */,
			);
			name = Products;
			sourceTree = "<group>";
		};
		A85853BC14711C9B00517F79 /* Frameworks */ = {
			isa = PBXGroup;
			children = (
				A85853BD14711C9B00517F79 /* UIKit.framework */,
				A85853BF14711C9B00517F79 /* Foundation.framework */,
				A85853C114711C9B00517F79 /* CoreGraphics.framework */,
				A85853E614711C9B00517F79 /* SenTestingKit.framework */,
			);
			name = Frameworks;
			sourceTree = "<group>";
		};
		A85853C314711C9B00517F79 /* HelloWorld */ = {
			isa = PBXGroup;
			children = (
				A85853CC14711C9B00517F79 /* gpAppDelegate.h */,
				A85853CD14711C9B00517F79 /* gpAppDelegate.m */,
				A85853CF14711C9B00517F79 /* MainStoryboard.storyboard */,
				A85853D214711C9B00517F79 /* gpFirstViewController.h */,
				A85853D314711C9B00517F79 /* gpFirstViewController.m */,
				A85853D514711C9B00517F79 /* first.png */,
				A85853D714711C9B00517F79 /* first@2x.png */,
				A85853D914711C9B00517F79 /* gpSecondViewController.h */,
				A85853DA14711C9B00517F79 /* gpSecondViewController.m */,
				A85853DC14711C9B00517F79 /* second.png */,
				A85853DE14711C9B00517F79 /* second@2x.png */,
				A85853C414711C9B00517F79 /* Supporting Files */,
			);
			path = HelloWorld;
			sourceTree = "<group>";
		};
		A85853C414711C9B00517F79 /* Supporting Files */ = {
			isa = PBXGroup;
			children = (
				A85853C514711C9B00517F79 /* HelloWorld-Info.plist */,
				A85853C614711C9B00517F79 /* InfoPlist.strings */,
				A85853C914711C9B00517F79 /* main.m */,
				A85853CB14711C9B00517F79 /* HelloWorld-Prefix.pch */,
			);
			name = "Supporting Files";
			sourceTree = "<group>";
		};
		A85853EC14711C9B00517F79 /* HelloWorldTests */ = {
			isa = PBXGroup;
			children = (
				A85853F214711C9B00517F79 /* HelloWorldTests.h */,
				A85853F314711C9B00517F79 /* HelloWorldTests.m */,
				A85853ED14711C9B00517F79 /* Supporting Files */,
			);
			path = HelloWorldTests;
			sourceTree = "<group>";
		};
		A85853ED14711C9B00517F79 /* Supporting Files */ = {
			isa = PBXGroup;
			children = (
				A85853EE14711C9B00517F79 /* HelloWorldTests-Info.plist */,
				A85853EF14711C9B00517F79 /* InfoPlist.strings */,
			);
			name = "Supporting Files";
			sourceTree = "<group>";
		};
/* End PBXGroup section */

/* Begin PBXNativeTarget section */
		A85853B814711C9B00517F79 /* HelloWorld */ = {
			isa = PBXNativeTarget;
			buildConfigurationList = A85853F714711C9B00517F79 /* Build configuration list for PBXNativeTarget "HelloWorld" */;
			buildPhases = (
				A85853B514711C9B00517F79 /* Sources */,
				A85853B614711C9B00517F79 /* Frameworks */,
				A85853B714711C9B00517F79 /* Resources */,
			);
			buildRules = (
			);
			dependencies = (
			);
			name = HelloWorld;
			productName = HelloWorld;
			productReference = A85853B914711C9B00517F79 /* HelloWorld.app */;
			productType = "com.apple.product-type.application";
		};
		A85853E414711C9B00517F79 /* HelloWorldTests */ = {
			isa = PBXNativeTarget;
			buildConfigurationList = A85853FA14711C9B00517F79 /* Build configuration list for PBXNativeTarget "HelloWorldTests" */;
			buildPhases = (
				A85853E014711C9B00517F79 /* Sources */,
				A85853E114711C9B00517F79 /* Frameworks */,
				A85853E214711C9B00517F79 /* Resources */,
				A85853E314711C9B00517F79 /* ShellScript */,
			);
			buildRules = (
			);
			dependencies = (
				A85853EB14711C9B00517F79 /* PBXTargetDependency */,
			);
			name = HelloWorldTests;
			productName = HelloWorldTests;
			productReference = A85853E514711C9B00517F79 /* HelloWorldTests.octest */;
			productType = "com.apple.product-type.bundle";
		};
/* End PBXNativeTarget section */

/* Begin PBXProject section */
		A85853B014711C9B00517F79 /* Project object */ = {
			isa = PBXProject;
			attributes = {
				LastUpgradeCheck = 0420;
			};
			buildConfigurationList = A85853B314711C9B00517F79 /* Build configuration list for PBXProject "HelloWorld" */;
			compatibilityVersion = "Xcode 3.2";
			developmentRegion = English;
			hasScannedForEncodings = 0;
			knownRegions = (
				en,
			);
			mainGroup = A85853AE14711C9B00517F79;
			productRefGroup = A85853BA14711C9B00517F79 /* Products */;
			projectDirPath = "";
			projectRoot = "";
			targets = (
				A85853B814711C9B00517F79 /* HelloWorld */,
				A85853E414711C9B00517F79 /* HelloWorldTests */,
			);
		};
/* End PBXProject section */

/* Begin PBXResourcesBuildPhase section */
		A85853B714711C9B00517F79 /* Resources */ = {
			isa = PBXResourcesBuildPhase;
			buildActionMask = 2147483647;
			files = (
				A85853C814711C9B00517F79 /* InfoPlist.strings in Resources */,
				A85853D114711C9B00517F79 /* MainStoryboard.storyboard in Resources */,
				A85853D614711C9B00517F79 /* first.png in Resources */,
				A85853D814711C9B00517F79 /* first@2x.png in Resources */,
				A85853DD14711C9B00517F79 /* second.png in Resources */,
				A85853DF14711C9B00517F79 /* second@2x.png in Resources */,
			);
			runOnlyForDeploymentPostprocessing = 0;
		};
		A85853E214711C9B00517F79 /* Resources */ = {
			isa = PBXResourcesBuildPhase;
			buildActionMask = 2147483647;
			files = (
				A85853F114711C9B00517F79 /* InfoPlist.strings in Resources */,
			);
			runOnlyForDeploymentPostprocessing = 0;
		};
/* End PBXResourcesBuildPhase section */

/* Begin PBXShellScriptBuildPhase section */
		A85853E314711C9B00517F79 /* ShellScript */ = {
			isa = PBXShellScriptBuildPhase;
			buildActionMask = 2147483647;
			files = (
			);
			inputPaths = (
			);
			outputPaths = (
			);
			runOnlyForDeploymentPostprocessing = 0;
			shellPath = /bin/sh;
			shellScript = "# Run the unit tests in this test bundle.\n\"${SYSTEM_DEVELOPER_DIR}/Tools/RunUnitTests\"\n";
		};
/* End PBXShellScriptBuildPhase section */

/* Begin PBXSourcesBuildPhase section */
		A85853B514711C9B00517F79 /* Sources */ = {
			isa = PBXSourcesBuildPhase;
			buildActionMask = 2147483647;
			files = (
				A85853CA14711C9B00517F79 /* main.m in Sources */,
				A85853CE14711C9B00517F79 /* gpAppDelegate.m in Sources */,
				A85853D414711C9B00517F79 /* gpFirstViewController.m in Sources */,
				A85853DB14711C9B00517F79 /* gpSecondViewController.m in Sources */,
			);
			runOnlyForDeploymentPostprocessing = 0;
		};
		A85853E014711C9B00517F79 /* Sources */ = {
			isa = PBXSourcesBuildPhase;
			buildActionMask = 2147483647;
			files = (
				A85853F414711C9B00517F79 /* HelloWorldTests.m in Sources */,
			);
			runOnlyForDeploymentPostprocessing = 0;
		};
/* End PBXSourcesBuildPhase section */

/* Begin PBXTargetDependency section */
		A85853EB14711C9B00517F79 /* PBXTargetDependency */ = {
			isa = PBXTargetDependency;
			target = A85853B814711C9B00517F79 /* HelloWorld */;
			targetProxy = A85853EA14711C9B00517F79 /* PBXContainerItemProxy */;
		};
/* End PBXTargetDependency section */

/* Begin PBXVariantGroup section */
		A85853C614711C9B00517F79 /* InfoPlist.strings */ = {
			isa = PBXVariantGroup;
			children = (
				A85853C714711C9B00517F79 /* en */,
			);
			name = InfoPlist.strings;
			sourceTree = "<group>";
		};
		A85853CF14711C9B00517F79 /* MainStoryboard.storyboard */ = {
			isa = PBXVariantGroup;
			children = (
				A85853D014711C9B00517F79 /* en */,
			);
			name = MainStoryboard.storyboard;
			sourceTree = "<group>";
		};
		A85853EF14711C9B00517F79 /* InfoPlist.strings */ = {
			isa = PBXVariantGroup;
			children = (
				A85853F014711C9B00517F79 /* en */,
			);
			name = InfoPlist.strings;
			sourceTree = "<group>";
		};
/* End PBXVariantGroup section */

/* Begin XCBuildConfiguration section */
		A85853F514711C9B00517F79 /* Debug */ = {
			isa = XCBuildConfiguration;
			buildSettings = {
				ALWAYS_SEARCH_USER_PATHS = NO;
				ARCHS = "$(ARCHS_STANDARD_32_BIT)";
				CLANG_ENABLE_OBJC_ARC = YES;
				"CODE_SIGN_IDENTITY[sdk=iphoneos*]" = "iPhone Developer";
				COPY_PHASE_STRIP = NO;
				GCC_C_LANGUAGE_STANDARD = gnu99;
				GCC_DYNAMIC_NO_PIC = NO;
				GCC_OPTIMIZATION_LEVEL = 0;
				GCC_PREPROCESSOR_DEFINITIONS = (
					"DEBUG=1",
					"$(inherited)",
				);
				GCC_SYMBOLS_PRIVATE_EXTERN = NO;
				GCC_VERSION = com.apple.compilers.llvm.clang.1_0;
				GCC_WARN_ABOUT_MISSING_PROTOTYPES = YES;
				GCC_WARN_ABOUT_RETURN_TYPE = YES;
				GCC_WARN_UNUSED_VARIABLE = YES;
				IPHONEOS_DEPLOYMENT_TARGET = 5.0;
				SDKROOT = iphoneos;
			};
			name = Debug;
		};
		A85853F614711C9B00517F79 /* Release */ = {
			isa = XCBuildConfiguration;
			buildSettings = {
				ALWAYS_SEARCH_USER_PATHS = NO;
				ARCHS = "$(ARCHS_STANDARD_32_BIT)";
				CLANG_ENABLE_OBJC_ARC = YES;
				"CODE_SIGN_IDENTITY[sdk=iphoneos*]" = "iPhone Developer";
				COPY_PHASE_STRIP = YES;
				GCC_C_LANGUAGE_STANDARD = gnu99;
				GCC_VERSION = com.apple.compilers.llvm.clang.1_0;
				GCC_WARN_ABOUT_MISSING_PROTOTYPES = YES;
				GCC_WARN_ABOUT_RETURN_TYPE = YES;
				GCC_WARN_UNUSED_VARIABLE = YES;
				IPHONEOS_DEPLOYMENT_TARGET = 5.0;
				OTHER_CFLAGS = "-DNS_BLOCK_ASSERTIONS=1";
				SDKROOT = iphoneos;
				VALIDATE_PRODUCT = YES;
			};
			name = Release;
		};
		A85853F814711C9B00517F79 /* Debug */ = {
			isa = XCBuildConfiguration;
			buildSettings = {
				GCC_PRECOMPILE_PREFIX_HEADER = YES;
				GCC_PREFIX_HEADER = "HelloWorld/HelloWorld-Prefix.pch";
				INFOPLIST_FILE = "HelloWorld/HelloWorld-Info.plist";
				IPHONEOS_DEPLOYMENT_TARGET = 5.0;
				PRODUCT_NAME = "$(TARGET_NAME)";
				WRAPPER_EXTENSION = app;
			};
			name = Debug;
		};
		A85853F914711C9B00517F79 /* Release */ = {
			isa = XCBuildConfiguration;
			buildSettings = {
				GCC_PRECOMPILE_PREFIX_HEADER = YES;
				GCC_PREFIX_HEADER = "HelloWorld/HelloWorld-Prefix.pch";
				INFOPLIST_FILE = "HelloWorld/HelloWorld-Info.plist";
				IPHONEOS_DEPLOYMENT_TARGET = 5.0;
				PRODUCT_NAME = "$(TARGET_NAME)";
				WRAPPER_EXTENSION = app;
			};
			name = Release;
		};
		A85853FB14711C9B00517F79 /* Debug */ = {
			isa = XCBuildConfiguration;
			buildSettings = {
				BUNDLE_LOADER = "$(BUILT_PRODUCTS_DIR)/HelloWorld.app/HelloWorld";
				FRAMEWORK_SEARCH_PATHS = (
					"$(SDKROOT)/Developer/Library/Frameworks",
					"$(DEVELOPER_LIBRARY_DIR)/Frameworks",
				);
				GCC_PRECOMPILE_PREFIX_HEADER = YES;
				GCC_PREFIX_HEADER = "HelloWorld/HelloWorld-Prefix.pch";
				INFOPLIST_FILE = "HelloWorldTests/HelloWorldTests-Info.plist";
				PRODUCT_NAME = "$(TARGET_NAME)";
				TEST_HOST = "$(BUNDLE_LOADER)";
				WRAPPER_EXTENSION = octest;
			};
			name = Debug;
		};
		A85853FC14711C9B00517F79 /* Release */ = {
			isa = XCBuildConfiguration;
			buildSettings = {
				BUNDLE_LOADER = "$(BUILT_PRODUCTS_DIR)/HelloWorld.app/HelloWorld";
				FRAMEWORK_SEARCH_PATHS = (
					"$(SDKROOT)/Developer/Library/Frameworks",
					"$(DEVELOPER_LIBRARY_DIR)/Frameworks",
				);
				GCC_PRECOMPILE_PREFIX_HEADER = YES;
				GCC_PREFIX_HEADER = "HelloWorld/HelloWorld-Prefix.pch";
				INFOPLIST_FILE = "HelloWorldTests/HelloWorldTests-Info.plist";
				PRODUCT_NAME = "$(TARGET_NAME)";
				TEST_HOST = "$(BUNDLE_LOADER)";
				WRAPPER_EXTENSION = octest;
			};
			name = Release;
		};
/* End XCBuildConfiguration section */

/* Begin XCConfigurationList section */
		A85853B314711C9B00517F79 /* Build configuration list for PBXProject "HelloWorld" */ = {
			isa = XCConfigurationList;
			buildConfigurations = (
				A85853F514711C9B00517F79 /* Debug */,
				A85853F614711C9B00517F79 /* Release */,
			);
			defaultConfigurationIsVisible = 0;
			defaultConfigurationName = Release;
		};
		A85853F714711C9B00517F79 /* Build configuration list for PBXNativeTarget "HelloWorld" */ = {
			isa = XCConfigurationList;
			buildConfigurations = (
				A85853F814711C9B00517F79 /* Debug */,
				A85853F914711C9B00517F79 /* Release */,
			);
			defaultConfigurationIsVisible = 0;
		};
		A85853FA14711C9B00517F79 /* Build configuration list for PBXNativeTarget "HelloWorldTests" */ = {
			isa = XCConfigurationList;
			buildConfigurations = (
				A85853FB14711C9B00517F79 /* Debug */,
				A85853FC14711C9B00517F79 /* Release */,
			);
			defaultConfigurationIsVisible = 0;
		};
/* End XCConfigurationList section */
	};
	rootObject = A85853B014711C9B00517F79 /* Project object */;
}
